
Microsoft Visual Studio Solution File, Format Version 12.00
# Visual Studio Version 16
VisualStudioVersion = 16.0.32106.194
MinimumVisualStudioVersion = 10.0.40219.1
Project("{2150E333-8FDC-42A3-9474-1A3956D46DE8}") = "EShop", "EShop", "{4E41E9FF-AAB7-4EC0-93DB-D32EE830B50A}"
EndProject
Project("{9A19103F-16F7-4668-BE54-9A1E7A4F7556}") = "EShop.Web", "EShop.Web\EShop.Web.csproj", "{9E3B056A-5E43-464B-92CA-43C647766ED5}"
EndProject
Project("{FAE04EC0-301F-11D3-BF4B-00C04F79EFBC}") = "EShop.Domain", "EShop.Domain\EShop.Domain.csproj", "{0232A80D-C29E-493A-AEA0-0767FB024D0C}"
EndProject
Project("{FAE04EC0-301F-11D3-BF4B-00C04F79EFBC}") = "EShop.Repository", "EShop.Repository\EShop.Repository.csproj", "{28A0930B-BC47-4EEF-85ED-1D5B043EA14E}"
EndProject
Project("{FAE04EC0-301F-11D3-BF4B-00C04F79EFBC}") = "EShop.Services", "EShop.Services\EShop.Services.csproj", "{C1B5D1FE-41C5-446B-9EE0-6751733403D3}"
EndProject
Global
	GlobalSection(SolutionConfigurationPlatforms) = preSolution
		Debug|Any CPU = Debug|Any CPU
		Release|Any CPU = Release|Any CPU
	EndGlobalSection
	GlobalSection(ProjectConfigurationPlatforms) = postSolution
		{9E3B056A-5E43-464B-92CA-43C647766ED5}.Debug|Any CPU.ActiveCfg = Debug|Any CPU
		{9E3B056A-5E43-464B-92CA-43C647766ED5}.Debug|Any CPU.Build.0 = Debug|Any CPU
		{9E3B056A-5E43-464B-92CA-43C647766ED5}.Release|Any CPU.ActiveCfg = Release|Any CPU
		{9E3B056A-5E43-464B-92CA-43C647766ED5}.Release|Any CPU.Build.0 = Release|Any CPU
		{0232A80D-C29E-493A-AEA0-0767FB024D0C}.Debug|Any CPU.ActiveCfg = Debug|Any CPU
		{0232A80D-C29E-493A-AEA0-0767FB024D0C}.Debug|Any CPU.Build.0 = Debug|Any CPU
		{0232A80D-C29E-493A-AEA0-0767FB024D0C}.Release|Any CPU.ActiveCfg = Release|Any CPU
		{0232A80D-C29E-493A-AEA0-0767FB024D0C}.Release|Any CPU.Build.0 = Release|Any CPU
		{28A0930B-BC47-4EEF-85ED-1D5B043EA14E}.Debug|Any CPU.ActiveCfg = Debug|Any CPU
		{28A0930B-BC47-4EEF-85ED-1D5B043EA14E}.Debug|Any CPU.Build.0 = Debug|Any CPU
		{28A0930B-BC47-4EEF-85ED-1D5B043EA14E}.Release|Any CPU.ActiveCfg = Release|Any CPU
		{28A0930B-BC47-4EEF-85ED-1D5B043EA14E}.Release|Any CPU.Build.0 = Release|Any CPU
		{C1B5D1FE-41C5-446B-9EE0-6751733403D3}.Debug|Any CPU.ActiveCfg = Debug|Any CPU
		{C1B5D1FE-41C5-446B-9EE0-6751733403D3}.Debug|Any CPU.Build.0 = Debug|Any CPU
		{C1B5D1FE-41C5-446B-9EE0-6751733403D3}.Release|Any CPU.ActiveCfg = Release|Any CPU
		{C1B5D1FE-41C5-446B-9EE0-6751733403D3}.Release|Any CPU.Build.0 = Release|Any CPU
	EndGlobalSection
	GlobalSection(SolutionProperties) = preSolution
		HideSolutionNode = FALSE
	EndGlobalSection
	GlobalSection(NestedProjects) = preSolution
		{9E3B056A-5E43-464B-92CA-43C647766ED5} = {4E41E9FF-AAB7-4EC0-93DB-D32EE830B50A}
		{0232A80D-C29E-493A-AEA0-0767FB024D0C} = {4E41E9FF-AAB7-4EC0-93DB-D32EE830B50A}
		{28A0930B-BC47-4EEF-85ED-1D5B043EA14E} = {4E41E9FF-AAB7-4EC0-93DB-D32EE830B50A}
		{C1B5D1FE-41C5-446B-9EE0-6751733403D3} = {4E41E9FF-AAB7-4EC0-93DB-D32EE830B50A}
	EndGlobalSection
	GlobalSection(ExtensibilityGlobals) = postSolution
		SolutionGuid = {0B08E5F4-83C4-4C2A-899F-7435476E95F6}
	EndGlobalSection
EndGlobal
