
Microsoft Visual Studio Solution File, Format Version 12.00
# Visual Studio Version 16
VisualStudioVersion = 16.0.32228.343
MinimumVisualStudioVersion = 10.0.40219.1
Project("{2150E333-8FDC-42A3-9474-1A3956D46DE8}") = "BookShop", "BookShop", "{C419A2E7-AB3E-410A-A2B0-8A5536F2087F}"
EndProject
Project("{9A19103F-16F7-4668-BE54-9A1E7A4F7556}") = "BookShop.Web", "BookShop.Web\BookShop.Web.csproj", "{E0329B87-6C9A-4370-B62A-671AAB0A9F9B}"
EndProject
Project("{9A19103F-16F7-4668-BE54-9A1E7A4F7556}") = "BookShop.Domain", "BookShop.Domain\BookShop.Domain.csproj", "{14A3749F-585B-48FC-B78F-F6223327CAEA}"
EndProject
Project("{9A19103F-16F7-4668-BE54-9A1E7A4F7556}") = "BookShop.Repository", "BookShop.Repository\BookShop.Repository.csproj", "{FADE2C58-AFBF-420C-BE83-FA647B97E53E}"
EndProject
Project("{FAE04EC0-301F-11D3-BF4B-00C04F79EFBC}") = "BookShop.Services", "BookShop.Services\BookShop.Services.csproj", "{A16F121E-F3E2-46DA-8ECB-DAD8E011B568}"
EndProject
Global
	GlobalSection(SolutionConfigurationPlatforms) = preSolution
		Debug|Any CPU = Debug|Any CPU
		Release|Any CPU = Release|Any CPU
	EndGlobalSection
	GlobalSection(ProjectConfigurationPlatforms) = postSolution
		{E0329B87-6C9A-4370-B62A-671AAB0A9F9B}.Debug|Any CPU.ActiveCfg = Debug|Any CPU
		{E0329B87-6C9A-4370-B62A-671AAB0A9F9B}.Debug|Any CPU.Build.0 = Debug|Any CPU
		{E0329B87-6C9A-4370-B62A-671AAB0A9F9B}.Release|Any CPU.ActiveCfg = Release|Any CPU
		{E0329B87-6C9A-4370-B62A-671AAB0A9F9B}.Release|Any CPU.Build.0 = Release|Any CPU
		{14A3749F-585B-48FC-B78F-F6223327CAEA}.Debug|Any CPU.ActiveCfg = Debug|Any CPU
		{14A3749F-585B-48FC-B78F-F6223327CAEA}.Debug|Any CPU.Build.0 = Debug|Any CPU
		{14A3749F-585B-48FC-B78F-F6223327CAEA}.Release|Any CPU.ActiveCfg = Release|Any CPU
		{14A3749F-585B-48FC-B78F-F6223327CAEA}.Release|Any CPU.Build.0 = Release|Any CPU
		{FADE2C58-AFBF-420C-BE83-FA647B97E53E}.Debug|Any CPU.ActiveCfg = Debug|Any CPU
		{FADE2C58-AFBF-420C-BE83-FA647B97E53E}.Debug|Any CPU.Build.0 = Debug|Any CPU
		{FADE2C58-AFBF-420C-BE83-FA647B97E53E}.Release|Any CPU.ActiveCfg = Release|Any CPU
		{FADE2C58-AFBF-420C-BE83-FA647B97E53E}.Release|Any CPU.Build.0 = Release|Any CPU
		{A16F121E-F3E2-46DA-8ECB-DAD8E011B568}.Debug|Any CPU.ActiveCfg = Debug|Any CPU
		{A16F121E-F3E2-46DA-8ECB-DAD8E011B568}.Debug|Any CPU.Build.0 = Debug|Any CPU
		{A16F121E-F3E2-46DA-8ECB-DAD8E011B568}.Release|Any CPU.ActiveCfg = Release|Any CPU
		{A16F121E-F3E2-46DA-8ECB-DAD8E011B568}.Release|Any CPU.Build.0 = Release|Any CPU
	EndGlobalSection
	GlobalSection(SolutionProperties) = preSolution
		HideSolutionNode = FALSE
	EndGlobalSection
	GlobalSection(NestedProjects) = preSolution
		{E0329B87-6C9A-4370-B62A-671AAB0A9F9B} = {C419A2E7-AB3E-410A-A2B0-8A5536F2087F}
		{14A3749F-585B-48FC-B78F-F6223327CAEA} = {C419A2E7-AB3E-410A-A2B0-8A5536F2087F}
		{FADE2C58-AFBF-420C-BE83-FA647B97E53E} = {C419A2E7-AB3E-410A-A2B0-8A5536F2087F}
		{A16F121E-F3E2-46DA-8ECB-DAD8E011B568} = {C419A2E7-AB3E-410A-A2B0-8A5536F2087F}
	EndGlobalSection
	GlobalSection(ExtensibilityGlobals) = postSolution
		SolutionGuid = {EDB226C8-B9A4-4464-B8B0-4ECE00B28CB7}
	EndGlobalSection
EndGlobal
